{
  "name": "fastxpub",
  "version": "1.0.0",
  "lockfileVersion": 1,
  "requires": true,
  "dependencies": {
    "bitcoinjs-lib": {
      "version": "2.3.0",
      "resolved": "https://registry.npmjs.org/bitcoinjs-lib/-/bitcoinjs-lib-2.3.0.tgz",
      "integrity": "sha1-+k0nuWlkFdWzA1furF0iJxPhlmo="
    },
    "browserify": {
      "version": "14.5.0",
      "resolved": "https://registry.npmjs.org/browserify/-/browserify-14.5.0.tgz",
      "integrity": "sha512-gKfOsNQv/toWz+60nSPfYzuwSEdzvV2WdxrVPUbPD/qui44rAkB3t3muNtmmGYHqrG56FGwX9SUEQmzNLAeS7g==",
      "dependencies": {
        "browserify-zlib": {
          "version": "0.2.0",
          "resolved": "https://registry.npmjs.org/browserify-zlib/-/browserify-zlib-0.2.0.tgz",
          "integrity": "sha512-Z942RysHXmJrhqk88FmKBVq/v5tqmSkDz7p54G/MGyjMnCFFnC79XWNbg+Vta8W6Wb2qtSZTSxIGkJrRpCFEiA=="
        },
        "os-browserify": {
          "version": "0.3.0",
          "resolved": "https://registry.npmjs.org/os-browserify/-/os-browserify-0.3.0.tgz",
          "integrity": "sha1-hUNzx/XCMVkU/Jv8a9gjj92h7Cc="
        },
        "pako": {
          "version": "1.0.6",
          "resolved": "https://registry.npmjs.org/pako/-/pako-1.0.6.tgz",
          "integrity": "sha512-lQe48YPsMJAig+yngZ87Lus+NF+3mtu7DVOBu6b/gHO1YpKwIj5AWjZ/TOS7i46HD/UixzWb1zeWDZfGZ3iYcg=="
        }
      }
    }
  }
}
